{
  "object": {
    "pins": [
      {
        "package": "Socket",
        "repositoryURL": "https://github.com/Kitura/BlueSocket.git",
        "state": {
          "branch": null,
          "revision": "7b23a867008e0027bfd6f4d398d44720707bc8ca",
          "version": "2.0.4"
        }
      }
    ]
  },
  "version": 1
}
